// !$*UTF8*$!
{
	archiveVersion = 1;
	classes = {
	};
	objectVersion = 46;
	objects = {

/* Begin PBXBuildFile section */
		6EECAFF41D0F970000AA907E /* main.m in Sources */ = {isa = PBXBuildFile; fileRef = 6EECAFF31D0F970000AA907E /* main.m */; };
		6EECAFF71D0F970000AA907E /* AppDelegate.m in Sources */ = {isa = PBXBuildFile; fileRef = 6EECAFF61D0F970000AA907E /* AppDelegate.m */; };
		6EECAFFA1D0F970000AA907E /* MasterViewController.m in Sources */ = {isa = PBXBuildFile; fileRef = 6EECAFF91D0F970000AA907E /* MasterViewController.m */; };
		6EECAFFD1D0F970000AA907E /* DetailViewController.m in Sources */ = {isa = PBXBuildFile; fileRef = 6EECAFFC1D0F970000AA907E /* DetailViewController.m */; };
		6EECB0001D0F970000AA907E /* Main.storyboard in Resources */ = {isa = PBXBuildFile; fileRef = 6EECAFFE1D0F970000AA907E /* Main.storyboard */; };
		6EECB0021D0F970000AA907E /* Assets.xcassets in Resources */ = {isa = PBXBuildFile; fileRef = 6EECB0011D0F970000AA907E /* Assets.xcassets */; };
		6EECB0051D0F970000AA907E /* LaunchScreen.storyboard in Resources */ = {isa = PBXBuildFile; fileRef = 6EECB0031D0F970000AA907E /* LaunchScreen.storyboard */; };
		6EECB0101D0F970000AA907E /* SecondStoryboardTests.m in Sources */ = {isa = PBXBuildFile; fileRef = 6EECB00F1D0F970000AA907E /* SecondStoryboardTests.m */; };
		6EECB01B1D0F970000AA907E /* SecondStoryboardUITests.m in Sources */ = {isa = PBXBuildFile; fileRef = 6EECB01A1D0F970000AA907E /* SecondStoryboardUITests.m */; };
/* End PBXBuildFile section */

/* Begin PBXContainerItemProxy section */
		6EECB00C1D0F970000AA907E /* PBXContainerItemProxy */ = {
			isa = PBXContainerItemProxy;
			containerPortal = 6EECAFE71D0F970000AA907E /* Project object */;
			proxyType = 1;
			remoteGlobalIDString = 6EECAFEE1D0F970000AA907E;
			remoteInfo = SecondStoryboard;
		};
		6EECB0171D0F970000AA907E /* PBXContainerItemProxy */ = {
			isa = PBXContainerItemProxy;
			containerPortal = 6EECAFE71D0F970000AA907E /* Project object */;
			proxyType = 1;
			remoteGlobalIDString = 6EECAFEE1D0F970000AA907E;
			remoteInfo = SecondStoryboard;
		};
/* End PBXContainerItemProxy section */

/* Begin PBXFileReference section */
		6EECAFEF1D0F970000AA907E /* SecondStoryboard.app */ = {isa = PBXFileReference; explicitFileType = wrapper.application; includeInIndex = 0; path = SecondStoryboard.app; sourceTree = BUILT_PRODUCTS_DIR; };
		6EECAFF31D0F970000AA907E /* main.m */ = {isa = PBXFileReference; lastKnownFileType = sourcecode.c.objc; path = main.m; sourceTree = "<group>"; };
		6EECAFF51D0F970000AA907E /* AppDelegate.h */ = {isa = PBXFileReference; lastKnownFileType = sourcecode.c.h; path = AppDelegate.h; sourceTree = "<group>"; };
		6EECAFF61D0F970000AA907E /* AppDelegate.m */ = {isa = PBXFileReference; lastKnownFileType = sourcecode.c.objc; path = AppDelegate.m; sourceTree = "<group>"; };
		6EECAFF81D0F970000AA907E /* MasterViewController.h */ = {isa = PBXFileReference; lastKnownFileType = sourcecode.c.h; path = MasterViewController.h; sourceTree = "<group>"; };
		6EECAFF91D0F970000AA907E /* MasterViewController.m */ = {isa = PBXFileReference; lastKnownFileType = sourcecode.c.objc; path = MasterViewController.m; sourceTree = "<group>"; };
		6EECAFFB1D0F970000AA907E /* DetailViewController.h */ = {isa = PBXFileReference; lastKnownFileType = sourcecode.c.h; path = DetailViewController.h; sourceTree = "<group>"; };
		6EECAFFC1D0F970000AA907E /* DetailViewController.m */ = {isa = PBXFileReference; lastKnownFileType = sourcecode.c.objc; path = DetailViewController.m; sourceTree = "<group>"; };
		6EECAFFF1D0F970000AA907E /* Base */ = {isa = PBXFileReference; lastKnownFileType = file.storyboard; name = Base; path = Base.lproj/Main.storyboard; sourceTree = "<group>"; };
		6EECB0011D0F970000AA907E /* Assets.xcassets */ = {isa = PBXFileReference; lastKnownFileType = folder.assetcatalog; path = Assets.xcassets; sourceTree = "<group>"; };
		6EECB0041D0F970000AA907E /* Base */ = {isa = PBXFileReference; lastKnownFileType = file.storyboard; name = Base; path = Base.lproj/LaunchScreen.storyboard; sourceTree = "<group>"; };
		6EECB0061D0F970000AA907E /* Info.plist */ = {isa = PBXFileReference; lastKnownFileType = text.plist.xml; path = Info.plist; sourceTree = "<group>"; };
		6EECB00B1D0F970000AA907E /* SecondStoryboardTests.xctest */ = {isa = PBXFileReference; explicitFileType = wrapper.cfbundle; includeInIndex = 0; path = SecondStoryboardTests.xctest; sourceTree = BUILT_PRODUCTS_DIR; };
		6EECB00F1D0F970000AA907E /* SecondStoryboardTests.m */ = {isa = PBXFileReference; lastKnownFileType = sourcecode.c.objc; path = SecondStoryboardTests.m; sourceTree = "<group>"; };
		6EECB0111D0F970000AA907E /* Info.plist */ = {isa = PBXFileReference; lastKnownFileType = text.plist.xml; path = Info.plist; sourceTree = "<group>"; };
		6EECB0161D0F970000AA907E /* SecondStoryboardUITests.xctest */ = {isa = PBXFileReference; explicitFileType = wrapper.cfbundle; includeInIndex = 0; path = SecondStoryboardUITests.xctest; sourceTree = BUILT_PRODUCTS_DIR; };
		6EECB01A1D0F970000AA907E /* SecondStoryboardUITests.m */ = {isa = PBXFileReference; lastKnownFileType = sourcecode.c.objc; path = SecondStoryboardUITests.m; sourceTree = "<group>"; };
		6EECB01C1D0F970000AA907E /* Info.plist */ = {isa = PBXFileReference; lastKnownFileType = text.plist.xml; path = Info.plist; sourceTree = "<group>"; };
/* End PBXFileReference section */

/* Begin PBXFrameworksBuildPhase section */
		6EECAFEC1D0F970000AA907E /* Frameworks */ = {
			isa = PBXFrameworksBuildPhase;
			buildActionMask = 2147483647;
			files = (
			);
			runOnlyForDeploymentPostprocessing = 0;
		};
		6EECB0081D0F970000AA907E /* Frameworks */ = {
			isa = PBXFrameworksBuildPhase;
			buildActionMask = 2147483647;
			files = (
			);
			runOnlyForDeploymentPostprocessing = 0;
		};
		6EECB0131D0F970000AA907E /* Frameworks */ = {
			isa = PBXFrameworksBuildPhase;
			buildActionMask = 2147483647;
			files = (
			);
			runOnlyForDeploymentPostprocessing = 0;
		};
/* End PBXFrameworksBuildPhase section */

/* Begin PBXGroup section */
		6EECAFE61D0F970000AA907E = {
			isa = PBXGroup;
			children = (
				6EECAFF11D0F970000AA907E /* SecondStoryboard */,
				6EECB00E1D0F970000AA907E /* SecondStoryboardTests */,
				6EECB0191D0F970000AA907E /* SecondStoryboardUITests */,
				6EECAFF01D0F970000AA907E /* Products */,
			);
			sourceTree = "<group>";
		};
		6EECAFF01D0F970000AA907E /* Products */ = {
			isa = PBXGroup;
			children = (
				6EECAFEF1D0F970000AA907E /* SecondStoryboard.app */,
				6EECB00B1D0F970000AA907E /* SecondStoryboardTests.xctest */,
				6EECB0161D0F970000AA907E /* SecondStoryboardUITests.xctest */,
			);
			name = Products;
			sourceTree = "<group>";
		};
		6EECAFF11D0F970000AA907E /* SecondStoryboard */ = {
			isa = PBXGroup;
			children = (
				6EECAFF51D0F970000AA907E /* AppDelegate.h */,
				6EECAFF61D0F970000AA907E /* AppDelegate.m */,
				6EECAFF81D0F970000AA907E /* MasterViewController.h */,
				6EECAFF91D0F970000AA907E /* MasterViewController.m */,
				6EECAFFB1D0F970000AA907E /* DetailViewController.h */,
				6EECAFFC1D0F970000AA907E /* DetailViewController.m */,
				6EECAFFE1D0F970000AA907E /* Main.storyboard */,
				6EECB0011D0F970000AA907E /* Assets.xcassets */,
				6EECB0031D0F970000AA907E /* LaunchScreen.storyboard */,
				6EECB0061D0F970000AA907E /* Info.plist */,
				6EECAFF21D0F970000AA907E /* Supporting Files */,
			);
			path = SecondStoryboard;
			sourceTree = "<group>";
		};
		6EECAFF21D0F970000AA907E /* Supporting Files */ = {
			isa = PBXGroup;
			children = (
				6EECAFF31D0F970000AA907E /* main.m */,
			);
			name = "Supporting Files";
			sourceTree = "<group>";
		};
		6EECB00E1D0F970000AA907E /* SecondStoryboardTests */ = {
			isa = PBXGroup;
			children = (
				6EECB00F1D0F970000AA907E /* SecondStoryboardTests.m */,
				6EECB0111D0F970000AA907E /* Info.plist */,
			);
			path = SecondStoryboardTests;
			sourceTree = "<group>";
		};
		6EECB0191D0F970000AA907E /* SecondStoryboardUITests */ = {
			isa = PBXGroup;
			children = (
				6EECB01A1D0F970000AA907E /* SecondStoryboardUITests.m */,
				6EECB01C1D0F970000AA907E /* Info.plist */,
			);
			path = SecondStoryboardUITests;
			sourceTree = "<group>";
		};
/* End PBXGroup section */

/* Begin PBXNativeTarget section */
		6EECAFEE1D0F970000AA907E /* SecondStoryboard */ = {
			isa = PBXNativeTarget;
			buildConfigurationList = 6EECB01F1D0F970000AA907E /* Build configuration list for PBXNativeTarget "SecondStoryboard" */;
			buildPhases = (
				6EECAFEB1D0F970000AA907E /* Sources */,
				6EECAFEC1D0F970000AA907E /* Frameworks */,
				6EECAFED1D0F970000AA907E /* Resources */,
			);
			buildRules = (
			);
			dependencies = (
			);
			name = SecondStoryboard;
			productName = SecondStoryboard;
			productReference = 6EECAFEF1D0F970000AA907E /* SecondStoryboard.app */;
			productType = "com.apple.product-type.application";
		};
		6EECB00A1D0F970000AA907E /* SecondStoryboardTests */ = {
			isa = PBXNativeTarget;
			buildConfigurationList = 6EECB0221D0F970000AA907E /* Build configuration list for PBXNativeTarget "SecondStoryboardTests" */;
			buildPhases = (
				6EECB0071D0F970000AA907E /* Sources */,
				6EECB0081D0F970000AA907E /* Frameworks */,
				6EECB0091D0F970000AA907E /* Resources */,
			);
			buildRules = (
			);
			dependencies = (
				6EECB00D1D0F970000AA907E /* PBXTargetDependency */,
			);
			name = SecondStoryboardTests;
			productName = SecondStoryboardTests;
			productReference = 6EECB00B1D0F970000AA907E /* SecondStoryboardTests.xctest */;
			productType = "com.apple.product-type.bundle.unit-test";
		};
		6EECB0151D0F970000AA907E /* SecondStoryboardUITests */ = {
			isa = PBXNativeTarget;
			buildConfigurationList = 6EECB0251D0F970000AA907E /* Build configuration list for PBXNativeTarget "SecondStoryboardUITests" */;
			buildPhases = (
				6EECB0121D0F970000AA907E /* Sources */,
				6EECB0131D0F970000AA907E /* Frameworks */,
				6EECB0141D0F970000AA907E /* Resources */,
			);
			buildRules = (
			);
			dependencies = (
				6EECB0181D0F970000AA907E /* PBXTargetDependency */,
			);
			name = SecondStoryboardUITests;
			productName = SecondStoryboardUITests;
			productReference = 6EECB0161D0F970000AA907E /* SecondStoryboardUITests.xctest */;
			productType = "com.apple.product-type.bundle.ui-testing";
		};
/* End PBXNativeTarget section */

/* Begin PBXProject section */
		6EECAFE71D0F970000AA907E /* Project object */ = {
			isa = PBXProject;
			attributes = {
				LastUpgradeCheck = 0730;
				ORGANIZATIONNAME = PowesunHolding;
				TargetAttributes = {
					6EECAFEE1D0F970000AA907E = {
						CreatedOnToolsVersion = 7.3.1;
					};
					6EECB00A1D0F970000AA907E = {
						CreatedOnToolsVersion = 7.3.1;
						TestTargetID = 6EECAFEE1D0F970000AA907E;
					};
					6EECB0151D0F970000AA907E = {
						CreatedOnToolsVersion = 7.3.1;
						TestTargetID = 6EECAFEE1D0F970000AA907E;
					};
				};
			};
			buildConfigurationList = 6EECAFEA1D0F970000AA907E /* Build configuration list for PBXProject "SecondStoryboard" */;
			compatibilityVersion = "Xcode 3.2";
			developmentRegion = English;
			hasScannedForEncodings = 0;
			knownRegions = (
				en,
				Base,
			);
			mainGroup = 6EECAFE61D0F970000AA907E;
			productRefGroup = 6EECAFF01D0F970000AA907E /* Products */;
			projectDirPath = "";
			projectRoot = "";
			targets = (
				6EECAFEE1D0F970000AA907E /* SecondStoryboard */,
				6EECB00A1D0F970000AA907E /* SecondStoryboardTests */,
				6EECB0151D0F970000AA907E /* SecondStoryboardUITests */,
			);
		};
/* End PBXProject section */

/* Begin PBXResourcesBuildPhase section */
		6EECAFED1D0F970000AA907E /* Resources */ = {
			isa = PBXResourcesBuildPhase;
			buildActionMask = 2147483647;
			files = (
				6EECB0051D0F970000AA907E /* LaunchScreen.storyboard in Resources */,
				6EECB0021D0F970000AA907E /* Assets.xcassets in Resources */,
				6EECB0001D0F970000AA907E /* Main.storyboard in Resources */,
			);
			runOnlyForDeploymentPostprocessing = 0;
		};
		6EECB0091D0F970000AA907E /* Resources */ = {
			isa = PBXResourcesBuildPhase;
			buildActionMask = 2147483647;
			files = (
			);
			runOnlyForDeploymentPostprocessing = 0;
		};
		6EECB0141D0F970000AA907E /* Resources */ = {
			isa = PBXResourcesBuildPhase;
			buildActionMask = 2147483647;
			files = (
			);
			runOnlyForDeploymentPostprocessing = 0;
		};
/* End PBXResourcesBuildPhase section */

/* Begin PBXSourcesBuildPhase section */
		6EECAFEB1D0F970000AA907E /* Sources */ = {
			isa = PBXSourcesBuildPhase;
			buildActionMask = 2147483647;
			files = (
				6EECAFF71D0F970000AA907E /* AppDelegate.m in Sources */,
				6EECAFFA1D0F970000AA907E /* MasterViewController.m in Sources */,
				6EECAFF41D0F970000AA907E /* main.m in Sources */,
				6EECAFFD1D0F970000AA907E /* DetailViewController.m in Sources */,
			);
			runOnlyForDeploymentPostprocessing = 0;
		};
		6EECB0071D0F970000AA907E /* Sources */ = {
			isa = PBXSourcesBuildPhase;
			buildActionMask = 2147483647;
			files = (
				6EECB0101D0F970000AA907E /* SecondStoryboardTests.m in Sources */,
			);
			runOnlyForDeploymentPostprocessing = 0;
		};
		6EECB0121D0F970000AA907E /* Sources */ = {
			isa = PBXSourcesBuildPhase;
			buildActionMask = 2147483647;
			files = (
				6EECB01B1D0F970000AA907E /* SecondStoryboardUITests.m in Sources */,
			);
			runOnlyForDeploymentPostprocessing = 0;
		};
/* End PBXSourcesBuildPhase section */

/* Begin PBXTargetDependency section */
		6EECB00D1D0F970000AA907E /* PBXTargetDependency */ = {
			isa = PBXTargetDependency;
			target = 6EECAFEE1D0F970000AA907E /* SecondStoryboard */;
			targetProxy = 6EECB00C1D0F970000AA907E /* PBXContainerItemProxy */;
		};
		6EECB0181D0F970000AA907E /* PBXTargetDependency */ = {
			isa = PBXTargetDependency;
			target = 6EECAFEE1D0F970000AA907E /* SecondStoryboard */;
			targetProxy = 6EECB0171D0F970000AA907E /* PBXContainerItemProxy */;
		};
/* End PBXTargetDependency section */

/* Begin PBXVariantGroup section */
		6EECAFFE1D0F970000AA907E /* Main.storyboard */ = {
			isa = PBXVariantGroup;
			children = (
				6EECAFFF1D0F970000AA907E /* Base */,
			);
			name = Main.storyboard;
			sourceTree = "<group>";
		};
		6EECB0031D0F970000AA907E /* LaunchScreen.storyboard */ = {
			isa = PBXVariantGroup;
			children = (
				6EECB0041D0F970000AA907E /* Base */,
			);
			name = LaunchScreen.storyboard;
			sourceTree = "<group>";
		};
/* End PBXVariantGroup section */

/* Begin XCBuildConfiguration section */
		6EECB01D1D0F970000AA907E /* Debug */ = {
			isa = XCBuildConfiguration;
			buildSettings = {
				ALWAYS_SEARCH_USER_PATHS = NO;
				CLANG_ANALYZER_NONNULL = YES;
				CLANG_CXX_LANGUAGE_STANDARD = "gnu++0x";
				CLANG_CXX_LIBRARY = "libc++";
				CLANG_ENABLE_MODULES = YES;
				CLANG_ENABLE_OBJC_ARC = YES;
				CLANG_WARN_BOOL_CONVERSION = YES;
				CLANG_WARN_CONSTANT_CONVERSION = YES;
				CLANG_WARN_DIRECT_OBJC_ISA_USAGE = YES_ERROR;
				CLANG_WARN_EMPTY_BODY = YES;
				CLANG_WARN_ENUM_CONVERSION = YES;
				CLANG_WARN_INT_CONVERSION = YES;
				CLANG_WARN_OBJC_ROOT_CLASS = YES_ERROR;
				CLANG_WARN_UNREACHABLE_CODE = YES;
				CLANG_WARN__DUPLICATE_METHOD_MATCH = YES;
				"CODE_SIGN_IDENTITY[sdk=iphoneos*]" = "iPhone Developer";
				COPY_PHASE_STRIP = NO;
				DEBUG_INFORMATION_FORMAT = dwarf;
				ENABLE_STRICT_OBJC_MSGSEND = YES;
				ENABLE_TESTABILITY = YES;
				GCC_C_LANGUAGE_STANDARD = gnu99;
				GCC_DYNAMIC_NO_PIC = NO;
				GCC_NO_COMMON_BLOCKS = YES;
				GCC_OPTIMIZATION_LEVEL = 0;
				GCC_PREPROCESSOR_DEFINITIONS = (
					"DEBUG=1",
					"$(inherited)",
				);
				GCC_WARN_64_TO_32_BIT_CONVERSION = YES;
				GCC_WARN_ABOUT_RETURN_TYPE = YES_ERROR;
				GCC_WARN_UNDECLARED_SELECTOR = YES;
				GCC_WARN_UNINITIALIZED_AUTOS = YES_AGGRESSIVE;
				GCC_WARN_UNUSED_FUNCTION = YES;
				GCC_WARN_UNUSED_VARIABLE = YES;
				IPHONEOS_DEPLOYMENT_TARGET = 9.3;
				MTL_ENABLE_DEBUG_INFO = YES;
				ONLY_ACTIVE_ARCH = YES;
				SDKROOT = iphoneos;
			};
			name = Debug;
		};
		6EECB01E1D0F970000AA907E /* Release */ = {
			isa = XCBuildConfiguration;
			buildSettings = {
				ALWAYS_SEARCH_USER_PATHS = NO;
				CLANG_ANALYZER_NONNULL = YES;
				CLANG_CXX_LANGUAGE_STANDARD = "gnu++0x";
				CLANG_CXX_LIBRARY = "libc++";
				CLANG_ENABLE_MODULES = YES;
				CLANG_ENABLE_OBJC_ARC = YES;
				CLANG_WARN_BOOL_CONVERSION = YES;
				CLANG_WARN_CONSTANT_CONVERSION = YES;
				CLANG_WARN_DIRECT_OBJC_ISA_USAGE = YES_ERROR;
				CLANG_WARN_EMPTY_BODY = YES;
				CLANG_WARN_ENUM_CONVERSION = YES;
				CLANG_WARN_INT_CONVERSION = YES;
				CLANG_WARN_OBJC_ROOT_CLASS = YES_ERROR;
				CLANG_WARN_UNREACHABLE_CODE = YES;
				CLANG_WARN__DUPLICATE_METHOD_MATCH = YES;
				"CODE_SIGN_IDENTITY[sdk=iphoneos*]" = "iPhone Developer";
				COPY_PHASE_STRIP = NO;
				DEBUG_INFORMATION_FORMAT = "dwarf-with-dsym";
				ENABLE_NS_ASSERTIONS = NO;
				ENABLE_STRICT_OBJC_MSGSEND = YES;
				GCC_C_LANGUAGE_STANDARD = gnu99;
				GCC_NO_COMMON_BLOCKS = YES;
				GCC_WARN_64_TO_32_BIT_CONVERSION = YES;
				GCC_WARN_ABOUT_RETURN_TYPE = YES_ERROR;
				GCC_WARN_UNDECLARED_SELECTOR = YES;
				GCC_WARN_UNINITIALIZED_AUTOS = YES_AGGRESSIVE;
				GCC_WARN_UNUSED_FUNCTION = YES;
				GCC_WARN_UNUSED_VARIABLE = YES;
				IPHONEOS_DEPLOYMENT_TARGET = 9.3;
				MTL_ENABLE_DEBUG_INFO = NO;
				SDKROOT = iphoneos;
				VALIDATE_PRODUCT = YES;
			};
			name = Release;
		};
		6EECB0201D0F970000AA907E /* Debug */ = {
			isa = XCBuildConfiguration;
			buildSettings = {
				ASSETCATALOG_COMPILER_APPICON_NAME = AppIcon;
				INFOPLIST_FILE = SecondStoryboard/Info.plist;
				IPHONEOS_DEPLOYMENT_TARGET = 9.0;
				LD_RUNPATH_SEARCH_PATHS = "$(inherited) @executable_path/Frameworks";
				PRODUCT_BUNDLE_IDENTIFIER = com.etongxing.www.SecondStoryboard;
				PRODUCT_NAME = "$(TARGET_NAME)";
				TARGETED_DEVICE_FAMILY = "1,2";
			};
			name = Debug;
		};
		6EECB0211D0F970000AA907E /* Release */ = {
			isa = XCBuildConfiguration;
			buildSettings = {
				ASSETCATALOG_COMPILER_APPICON_NAME = AppIcon;
				INFOPLIST_FILE = SecondStoryboard/Info.plist;
				IPHONEOS_DEPLOYMENT_TARGET = 9.0;
				LD_RUNPATH_SEARCH_PATHS = "$(inherited) @executable_path/Frameworks";
				PRODUCT_BUNDLE_IDENTIFIER = com.etongxing.www.SecondStoryboard;
				PRODUCT_NAME = "$(TARGET_NAME)";
				TARGETED_DEVICE_FAMILY = "1,2";
			};
			name = Release;
		};
		6EECB0231D0F970000AA907E /* Debug */ = {
			isa = XCBuildConfiguration;
			buildSettings = {
				BUNDLE_LOADER = "$(TEST_HOST)";
				INFOPLIST_FILE = SecondStoryboardTests/Info.plist;
				LD_RUNPATH_SEARCH_PATHS = "$(inherited) @executable_path/Frameworks @loader_path/Frameworks";
				PRODUCT_BUNDLE_IDENTIFIER = com.etongxing.www.SecondStoryboardTests;
				PRODUCT_NAME = "$(TARGET_NAME)";
				TEST_HOST = "$(BUILT_PRODUCTS_DIR)/SecondStoryboard.app/SecondStoryboard";
			};
			name = Debug;
		};
		6EECB0241D0F970000AA907E /* Release */ = {
			isa = XCBuildConfiguration;
			buildSettings = {
				BUNDLE_LOADER = "$(TEST_HOST)";
				INFOPLIST_FILE = SecondStoryboardTests/Info.plist;
				LD_RUNPATH_SEARCH_PATHS = "$(inherited) @executable_path/Frameworks @loader_path/Frameworks";
				PRODUCT_BUNDLE_IDENTIFIER = com.etongxing.www.SecondStoryboardTests;
				PRODUCT_NAME = "$(TARGET_NAME)";
				TEST_HOST = "$(BUILT_PRODUCTS_DIR)/SecondStoryboard.app/SecondStoryboard";
			};
			name = Release;
		};
		6EECB0261D0F970000AA907E /* Debug */ = {
			isa = XCBuildConfiguration;
			buildSettings = {
				INFOPLIST_FILE = SecondStoryboardUITests/Info.plist;
				LD_RUNPATH_SEARCH_PATHS = "$(inherited) @executable_path/Frameworks @loader_path/Frameworks";
				PRODUCT_BUNDLE_IDENTIFIER = com.etongxing.www.SecondStoryboardUITests;
				PRODUCT_NAME = "$(TARGET_NAME)";
				TEST_TARGET_NAME = SecondStoryboard;
			};
			name = Debug;
		};
		6EECB0271D0F970000AA907E /* Release */ = {
			isa = XCBuildConfiguration;
			buildSettings = {
				INFOPLIST_FILE = SecondStoryboardUITests/Info.plist;
				LD_RUNPATH_SEARCH_PATHS = "$(inherited) @executable_path/Frameworks @loader_path/Frameworks";
				PRODUCT_BUNDLE_IDENTIFIER = com.etongxing.www.SecondStoryboardUITests;
				PRODUCT_NAME = "$(TARGET_NAME)";
				TEST_TARGET_NAME = SecondStoryboard;
			};
			name = Release;
		};
/* End XCBuildConfiguration section */

/* Begin XCConfigurationList section */
		6EECAFEA1D0F970000AA907E /* Build configuration list for PBXProject "SecondStoryboard" */ = {
			isa = XCConfigurationList;
			buildConfigurations = (
				6EECB01D1D0F970000AA907E /* Debug */,
				6EECB01E1D0F970000AA907E /* Release */,
			);
			defaultConfigurationIsVisible = 0;
			defaultConfigurationName = Release;
		};
		6EECB01F1D0F970000AA907E /* Build configuration list for PBXNativeTarget "SecondStoryboard" */ = {
			isa = XCConfigurationList;
			buildConfigurations = (
				6EECB0201D0F970000AA907E /* Debug */,
				6EECB0211D0F970000AA907E /* Release */,
			);
			defaultConfigurationIsVisible = 0;
			defaultConfigurationName = Release;
		};
		6EECB0221D0F970000AA907E /* Build configuration list for PBXNativeTarget "SecondStoryboardTests" */ = {
			isa = XCConfigurationList;
			buildConfigurations = (
				6EECB0231D0F970000AA907E /* Debug */,
				6EECB0241D0F970000AA907E /* Release */,
			);
			defaultConfigurationIsVisible = 0;
			defaultConfigurationName = Release;
		};
		6EECB0251D0F970000AA907E /* Build configuration list for PBXNativeTarget "SecondStoryboardUITests" */ = {
			isa = XCConfigurationList;
			buildConfigurations = (
				6EECB0261D0F970000AA907E /* Debug */,
				6EECB0271D0F970000AA907E /* Release */,
			);
			defaultConfigurationIsVisible = 0;
			defaultConfigurationName = Release;
		};
/* End XCConfigurationList section */
	};
	rootObject = 6EECAFE71D0F970000AA907E /* Project object */;
}
